
Microsoft Visual Studio Solution File, Format Version 12.00
# Visual Studio 14
VisualStudioVersion = 14.0.25123.0
MinimumVisualStudioVersion = 10.0.40219.1
Project("{FAE04EC0-301F-11D3-BF4B-00C04F79EFBC}") = "BackgammonLib", "BackgammonLib\BackgammonLib.csproj", "{7DC68B08-0F1C-407E-9032-90726480B73F}"
EndProject
Project("{FAE04EC0-301F-11D3-BF4B-00C04F79EFBC}") = "BackgammonConsoleApp", "BackgammonConsoleApp\BackgammonConsoleApp.csproj", "{950B484B-076E-4674-816B-4928AFEC183A}"
EndProject
Project("{FAE04EC0-301F-11D3-BF4B-00C04F79EFBC}") = "BackgammonWinFormsApp", "BackgammonWinFormsApp\BackgammonWinFormsApp.csproj", "{9186498F-C196-4149-B574-A999CF5CD217}"
EndProject
Global
	GlobalSection(SolutionConfigurationPlatforms) = preSolution
		Debug|Any CPU = Debug|Any CPU
		Release|Any CPU = Release|Any CPU
	EndGlobalSection
	GlobalSection(ProjectConfigurationPlatforms) = postSolution
		{7DC68B08-0F1C-407E-9032-90726480B73F}.Debug|Any CPU.ActiveCfg = Debug|Any CPU
		{7DC68B08-0F1C-407E-9032-90726480B73F}.Debug|Any CPU.Build.0 = Debug|Any CPU
		{7DC68B08-0F1C-407E-9032-90726480B73F}.Release|Any CPU.ActiveCfg = Release|Any CPU
		{7DC68B08-0F1C-407E-9032-90726480B73F}.Release|Any CPU.Build.0 = Release|Any CPU
		{950B484B-076E-4674-816B-4928AFEC183A}.Debug|Any CPU.ActiveCfg = Debug|Any CPU
		{950B484B-076E-4674-816B-4928AFEC183A}.Debug|Any CPU.Build.0 = Debug|Any CPU
		{950B484B-076E-4674-816B-4928AFEC183A}.Release|Any CPU.ActiveCfg = Release|Any CPU
		{950B484B-076E-4674-816B-4928AFEC183A}.Release|Any CPU.Build.0 = Release|Any CPU
		{9186498F-C196-4149-B574-A999CF5CD217}.Debug|Any CPU.ActiveCfg = Debug|Any CPU
		{9186498F-C196-4149-B574-A999CF5CD217}.Debug|Any CPU.Build.0 = Debug|Any CPU
		{9186498F-C196-4149-B574-A999CF5CD217}.Release|Any CPU.ActiveCfg = Release|Any CPU
		{9186498F-C196-4149-B574-A999CF5CD217}.Release|Any CPU.Build.0 = Release|Any CPU
	EndGlobalSection
	GlobalSection(SolutionProperties) = preSolution
		HideSolutionNode = FALSE
	EndGlobalSection
EndGlobal
